// !$*UTF8*$!
{
	archiveVersion = 1;
	classes = {
	};
	objectVersion = 77;
	objects = {

/* Begin PBXBuildFile section */
		088A3629B78B9A6C208658CA /* MemoriesView.swift in Sources */ = {isa = PBXBuildFile; fileRef = A82910FF58759C891145074E /* MemoriesView.swift */; };
		2C77165E8A78ED7F3D2B8E9C /* RootView.swift in Sources */ = {isa = PBXBuildFile; fileRef = CAA84502ED72BCEA38714889 /* RootView.swift */; };
		35C0E6027E1513D2B4A703DE /* WeatherService.swift in Sources */ = {isa = PBXBuildFile; fileRef = DA0A70F690C69BD0D1D754FE /* WeatherService.swift */; };
		477741FE37A9F2DC1D76E8BB /* TravelCalendarView.swift in Sources */ = {isa = PBXBuildFile; fileRef = CFB5B5F2F9617D7135DA7537 /* TravelCalendarView.swift */; };
		68771275651227D1ADCAE5C6 /* CameraPicker.swift in Sources */ = {isa = PBXBuildFile; fileRef = BDB54AB6E5C27AF7C5CFACFF /* CameraPicker.swift */; };
		6ABB7EB949C360207202D4BC /* GeocodingService.swift in Sources */ = {isa = PBXBuildFile; fileRef = 318B382C7D2BDBA89C72EA62 /* GeocodingService.swift */; };
		6D196DAE32C696FC7DAB1E86 /* Localizable.strings in Resources */ = {isa = PBXBuildFile; fileRef = ABDCDBC865402C7E20B21F37 /* Localizable.strings */; };
		73FB56C8601DB89C170E1621 /* ExportService.swift in Sources */ = {isa = PBXBuildFile; fileRef = E34427DCF5EA2B701BBC6EB2 /* ExportService.swift */; };
		87D4F8C029C3D366105FC963 /* MapHomeView.swift in Sources */ = {isa = PBXBuildFile; fileRef = 01EB8D57BADA790A47AD412B /* MapHomeView.swift */; };
		88F1001461724808E1E7DF37 /* SettingsView.swift in Sources */ = {isa = PBXBuildFile; fileRef = 2C4E0CDB546D0E48993219EE /* SettingsView.swift */; };
		946891924C05BAC4D10BB417 /* ZhuJiTests.swift in Sources */ = {isa = PBXBuildFile; fileRef = 45AB3DA64CFF93B6936342D7 /* ZhuJiTests.swift */; };
		A6E9E67BE45174ABA579537B /* PhotoStore.swift in Sources */ = {isa = PBXBuildFile; fileRef = B67CFC4BD54F2B704C8ED1AC /* PhotoStore.swift */; };
		A7BDE34E96A19D7FE4BFE8DC /* DraggableLocationMap.swift in Sources */ = {isa = PBXBuildFile; fileRef = BAA66FE3B5EB2DCA2BA47757 /* DraggableLocationMap.swift */; };
		B2F45AE7F372198C53544F8C /* CheckInEditorView.swift in Sources */ = {isa = PBXBuildFile; fileRef = B2D093B538DCE02976F5B509 /* CheckInEditorView.swift */; };
		B4F0CA392DE7347840F5CED3 /* Assets.xcassets in Resources */ = {isa = PBXBuildFile; fileRef = 0FDD578982E5653B0A212318 /* Assets.xcassets */; };
		B7EDCB6D2C53FE927282F105 /* PhotoGalleryView.swift in Sources */ = {isa = PBXBuildFile; fileRef = E9B352D37DD4D4E2B153F940 /* PhotoGalleryView.swift */; };
		BD439B1E7A23DC128D469394 /* TimelineView.swift in Sources */ = {isa = PBXBuildFile; fileRef = 77E020953E3DB182C85B2803 /* TimelineView.swift */; };
		E625B2CA7653E4AC1DEB5DEE /* LocationService.swift in Sources */ = {isa = PBXBuildFile; fileRef = 4BEA4463E8DED72D89976B0E /* LocationService.swift */; };
		E9860696AF391081E89FA3EF /* LocationSearchView.swift in Sources */ = {isa = PBXBuildFile; fileRef = D8386E55EEEEDE40B726762A /* LocationSearchView.swift */; };
		EC36CC5C9158F4B595AA53A9 /* StatisticsView.swift in Sources */ = {isa = PBXBuildFile; fileRef = 72C0B07B73A24BB22A01E7CA /* StatisticsView.swift */; };
		F734D26165643ED3F6A8FD3E /* InfoPlist.strings in Resources */ = {isa = PBXBuildFile; fileRef = 9D65A11E445C21838F4CF0E6 /* InfoPlist.strings */; };
		F831F8725BD54B3F17C83723 /* GlobalPlaceSearchService.swift in Sources */ = {isa = PBXBuildFile; fileRef = E1C15FF02290C06FC248AE17 /* GlobalPlaceSearchService.swift */; };
		FD4345946E0F163B4FB6EA11 /* CheckIn.swift in Sources */ = {isa = PBXBuildFile; fileRef = 2903B6521335649B03BD5343 /* CheckIn.swift */; };
		FF1FA54A5142D0007C526D43 /* ZhuJiApp.swift in Sources */ = {isa = PBXBuildFile; fileRef = 4E2A22988BF72220442D4F1C /* ZhuJiApp.swift */; };
/* End PBXBuildFile section */

/* Begin PBXContainerItemProxy section */
		F28907F7192F739631A6182E /* PBXContainerItemProxy */ = {
			isa = PBXContainerItemProxy;
			containerPortal = D5CC9FF8FA2C886346EE38C1 /* Project object */;
			proxyType = 1;
			remoteGlobalIDString = 817422E8EA0295631349836F;
			remoteInfo = ZhuJi;
		};
/* End PBXContainerItemProxy section */

/* Begin PBXFileReference section */
		01EB8D57BADA790A47AD412B /* MapHomeView.swift */ = {isa = PBXFileReference; lastKnownFileType = sourcecode.swift; path = MapHomeView.swift; sourceTree = "<group>"; };
		0A641B01F9AC6212631C33B2 /* zh-Hans */ = {isa = PBXFileReference; lastKnownFileType = text.plist.strings; name = "zh-Hans"; path = "zh-Hans.lproj/Localizable.strings"; sourceTree = "<group>"; };
		0E951C1A7E308A133B8CE82D /* 驻迹.app */ = {isa = PBXFileReference; explicitFileType = wrapper.application; includeInIndex = 0; path = "驻迹.app"; sourceTree = BUILT_PRODUCTS_DIR; };
		0FDD578982E5653B0A212318 /* Assets.xcassets */ = {isa = PBXFileReference; lastKnownFileType = folder.assetcatalog; path = Assets.xcassets; sourceTree = "<group>"; };
		2903B6521335649B03BD5343 /* CheckIn.swift */ = {isa = PBXFileReference; lastKnownFileType = sourcecode.swift; path = CheckIn.swift; sourceTree = "<group>"; };
		2C4E0CDB546D0E48993219EE /* SettingsView.swift */ = {isa = PBXFileReference; lastKnownFileType = sourcecode.swift; path = SettingsView.swift; sourceTree = "<group>"; };
		318B382C7D2BDBA89C72EA62 /* GeocodingService.swift */ = {isa = PBXFileReference; lastKnownFileType = sourcecode.swift; path = GeocodingService.swift; sourceTree = "<group>"; };
		451F76F5B313B548BE68ADC0 /* ZhuJiTests.xctest */ = {isa = PBXFileReference; includeInIndex = 0; lastKnownFileType = wrapper.cfbundle; path = ZhuJiTests.xctest; sourceTree = BUILT_PRODUCTS_DIR; };
		45AB3DA64CFF93B6936342D7 /* ZhuJiTests.swift */ = {isa = PBXFileReference; lastKnownFileType = sourcecode.swift; path = ZhuJiTests.swift; sourceTree = "<group>"; };
		4BEA4463E8DED72D89976B0E /* LocationService.swift */ = {isa = PBXFileReference; lastKnownFileType = sourcecode.swift; path = LocationService.swift; sourceTree = "<group>"; };
		4E2A22988BF72220442D4F1C /* ZhuJiApp.swift */ = {isa = PBXFileReference; lastKnownFileType = sourcecode.swift; path = ZhuJiApp.swift; sourceTree = "<group>"; };
		57DA97CB64D0777A41946631 /* en */ = {isa = PBXFileReference; lastKnownFileType = text.plist.strings; name = en; path = en.lproj/Localizable.strings; sourceTree = "<group>"; };
		72C0B07B73A24BB22A01E7CA /* StatisticsView.swift */ = {isa = PBXFileReference; lastKnownFileType = sourcecode.swift; path = StatisticsView.swift; sourceTree = "<group>"; };
		77E020953E3DB182C85B2803 /* TimelineView.swift */ = {isa = PBXFileReference; lastKnownFileType = sourcecode.swift; path = TimelineView.swift; sourceTree = "<group>"; };
		A2AB6D965D2D54EFE8D9ACA9 /* Info.plist */ = {isa = PBXFileReference; lastKnownFileType = text.plist; path = Info.plist; sourceTree = "<group>"; };
		A82910FF58759C891145074E /* MemoriesView.swift */ = {isa = PBXFileReference; lastKnownFileType = sourcecode.swift; path = MemoriesView.swift; sourceTree = "<group>"; };
		B2D093B538DCE02976F5B509 /* CheckInEditorView.swift */ = {isa = PBXFileReference; lastKnownFileType = sourcecode.swift; path = CheckInEditorView.swift; sourceTree = "<group>"; };
		B67CFC4BD54F2B704C8ED1AC /* PhotoStore.swift */ = {isa = PBXFileReference; lastKnownFileType = sourcecode.swift; path = PhotoStore.swift; sourceTree = "<group>"; };
		BAA66FE3B5EB2DCA2BA47757 /* DraggableLocationMap.swift */ = {isa = PBXFileReference; lastKnownFileType = sourcecode.swift; path = DraggableLocationMap.swift; sourceTree = "<group>"; };
		BDB54AB6E5C27AF7C5CFACFF /* CameraPicker.swift */ = {isa = PBXFileReference; lastKnownFileType = sourcecode.swift; path = CameraPicker.swift; sourceTree = "<group>"; };
		C59638AE600D6A1F901BA529 /* zh-Hans */ = {isa = PBXFileReference; lastKnownFileType = text.plist.strings; name = "zh-Hans"; path = "zh-Hans.lproj/InfoPlist.strings"; sourceTree = "<group>"; };
		C81CCDC8FCF8DAC267BE4460 /* en */ = {isa = PBXFileReference; lastKnownFileType = text.plist.strings; name = en; path = en.lproj/InfoPlist.strings; sourceTree = "<group>"; };
		CAA84502ED72BCEA38714889 /* RootView.swift */ = {isa = PBXFileReference; lastKnownFileType = sourcecode.swift; path = RootView.swift; sourceTree = "<group>"; };
		CFB5B5F2F9617D7135DA7537 /* TravelCalendarView.swift */ = {isa = PBXFileReference; lastKnownFileType = sourcecode.swift; path = TravelCalendarView.swift; sourceTree = "<group>"; };
		D8386E55EEEEDE40B726762A /* LocationSearchView.swift */ = {isa = PBXFileReference; lastKnownFileType = sourcecode.swift; path = LocationSearchView.swift; sourceTree = "<group>"; };
		DA0A70F690C69BD0D1D754FE /* WeatherService.swift */ = {isa = PBXFileReference; lastKnownFileType = sourcecode.swift; path = WeatherService.swift; sourceTree = "<group>"; };
		E1C15FF02290C06FC248AE17 /* GlobalPlaceSearchService.swift */ = {isa = PBXFileReference; lastKnownFileType = sourcecode.swift; path = GlobalPlaceSearchService.swift; sourceTree = "<group>"; };
		E34427DCF5EA2B701BBC6EB2 /* ExportService.swift */ = {isa = PBXFileReference; lastKnownFileType = sourcecode.swift; path = ExportService.swift; sourceTree = "<group>"; };
		E9B352D37DD4D4E2B153F940 /* PhotoGalleryView.swift */ = {isa = PBXFileReference; lastKnownFileType = sourcecode.swift; path = PhotoGalleryView.swift; sourceTree = "<group>"; };
/* End PBXFileReference section */

/* Begin PBXGroup section */
		017ECAE960ED27E15AE6C50C /* Models */ = {
			isa = PBXGroup;
			children = (
				2903B6521335649B03BD5343 /* CheckIn.swift */,
			);
			path = Models;
			sourceTree = "<group>";
		};
		1C327A04D369FB2F147BC7E0 /* Resources */ = {
			isa = PBXGroup;
			children = (
				0FDD578982E5653B0A212318 /* Assets.xcassets */,
				A2AB6D965D2D54EFE8D9ACA9 /* Info.plist */,
				9D65A11E445C21838F4CF0E6 /* InfoPlist.strings */,
				ABDCDBC865402C7E20B21F37 /* Localizable.strings */,
			);
			path = Resources;
			sourceTree = "<group>";
		};
		1CEF44556046128A7B84FA51 /* Views */ = {
			isa = PBXGroup;
			children = (
				BDB54AB6E5C27AF7C5CFACFF /* CameraPicker.swift */,
				B2D093B538DCE02976F5B509 /* CheckInEditorView.swift */,
				BAA66FE3B5EB2DCA2BA47757 /* DraggableLocationMap.swift */,
				D8386E55EEEEDE40B726762A /* LocationSearchView.swift */,
				01EB8D57BADA790A47AD412B /* MapHomeView.swift */,
				A82910FF58759C891145074E /* MemoriesView.swift */,
				E9B352D37DD4D4E2B153F940 /* PhotoGalleryView.swift */,
				CAA84502ED72BCEA38714889 /* RootView.swift */,
				2C4E0CDB546D0E48993219EE /* SettingsView.swift */,
				72C0B07B73A24BB22A01E7CA /* StatisticsView.swift */,
				77E020953E3DB182C85B2803 /* TimelineView.swift */,
				CFB5B5F2F9617D7135DA7537 /* TravelCalendarView.swift */,
			);
			path = Views;
			sourceTree = "<group>";
		};
		3A86A72FEC20F1843671FE19 /* Services */ = {
			isa = PBXGroup;
			children = (
				E34427DCF5EA2B701BBC6EB2 /* ExportService.swift */,
				318B382C7D2BDBA89C72EA62 /* GeocodingService.swift */,
				E1C15FF02290C06FC248AE17 /* GlobalPlaceSearchService.swift */,
				4BEA4463E8DED72D89976B0E /* LocationService.swift */,
				B67CFC4BD54F2B704C8ED1AC /* PhotoStore.swift */,
				DA0A70F690C69BD0D1D754FE /* WeatherService.swift */,
			);
			path = Services;
			sourceTree = "<group>";
		};
		3F7F1CB8D87FC67AB5BF4F6B /* ZhuJi */ = {
			isa = PBXGroup;
			children = (
				B7BB0FD07F33022222454CEC /* App */,
				017ECAE960ED27E15AE6C50C /* Models */,
				1C327A04D369FB2F147BC7E0 /* Resources */,
				3A86A72FEC20F1843671FE19 /* Services */,
				1CEF44556046128A7B84FA51 /* Views */,
			);
			path = ZhuJi;
			sourceTree = "<group>";
		};
		5556CDEEE2C1CA25CFAA4B3D = {
			isa = PBXGroup;
			children = (
				3F7F1CB8D87FC67AB5BF4F6B /* ZhuJi */,
				D2A4E4C07C93EE7C63E99176 /* ZhuJiTests */,
				877CABFDC44E02010B13B671 /* Products */,
			);
			sourceTree = "<group>";
		};
		877CABFDC44E02010B13B671 /* Products */ = {
			isa = PBXGroup;
			children = (
				0E951C1A7E308A133B8CE82D /* 驻迹.app */,
				451F76F5B313B548BE68ADC0 /* ZhuJiTests.xctest */,
			);
			name = Products;
			sourceTree = "<group>";
		};
		B7BB0FD07F33022222454CEC /* App */ = {
			isa = PBXGroup;
			children = (
				4E2A22988BF72220442D4F1C /* ZhuJiApp.swift */,
			);
			path = App;
			sourceTree = "<group>";
		};
		D2A4E4C07C93EE7C63E99176 /* ZhuJiTests */ = {
			isa = PBXGroup;
			children = (
				45AB3DA64CFF93B6936342D7 /* ZhuJiTests.swift */,
			);
			path = ZhuJiTests;
			sourceTree = "<group>";
		};
/* End PBXGroup section */

/* Begin PBXNativeTarget section */
		655A5AB907E80616BEBB7255 /* ZhuJiTests */ = {
			isa = PBXNativeTarget;
			buildConfigurationList = F436C6187235491AFF5D994F /* Build configuration list for PBXNativeTarget "ZhuJiTests" */;
			buildPhases = (
				0DE6CD3EBE856CCF327EF60A /* Sources */,
			);
			buildRules = (
			);
			dependencies = (
				727AC15EFBF9B0633FBDA093 /* PBXTargetDependency */,
			);
			name = ZhuJiTests;
			packageProductDependencies = (
			);
			productName = ZhuJiTests;
			productReference = 451F76F5B313B548BE68ADC0 /* ZhuJiTests.xctest */;
			productType = "com.apple.product-type.bundle.unit-test";
		};
		817422E8EA0295631349836F /* ZhuJi */ = {
			isa = PBXNativeTarget;
			buildConfigurationList = 45C50F0E86986A0B68D20110 /* Build configuration list for PBXNativeTarget "ZhuJi" */;
			buildPhases = (
				8A4D9391B9B99B96ABAED23B /* Sources */,
				5D440FD434535E2C88672984 /* Resources */,
			);
			buildRules = (
			);
			dependencies = (
			);
			name = ZhuJi;
			packageProductDependencies = (
			);
			productName = ZhuJi;
			productReference = 0E951C1A7E308A133B8CE82D /* 驻迹.app */;
			productType = "com.apple.product-type.application";
		};
/* End PBXNativeTarget section */

/* Begin PBXProject section */
		D5CC9FF8FA2C886346EE38C1 /* Project object */ = {
			isa = PBXProject;
			attributes = {
				BuildIndependentTargetsInParallel = YES;
				LastUpgradeCheck = 1430;
				TargetAttributes = {
					655A5AB907E80616BEBB7255 = {
						DevelopmentTeam = "";
					};
					817422E8EA0295631349836F = {
						ProvisioningStyle = Automatic;
					};
				};
			};
			buildConfigurationList = 4F3FE62AD616D41F0184B14A /* Build configuration list for PBXProject "ZhuJi" */;
			developmentRegion = en;
			hasScannedForEncodings = 0;
			knownRegions = (
				Base,
				en,
				"zh-Hans",
			);
			mainGroup = 5556CDEEE2C1CA25CFAA4B3D;
			minimizedProjectReferenceProxies = 1;
			preferredProjectObjectVersion = 77;
			productRefGroup = 877CABFDC44E02010B13B671 /* Products */;
			projectDirPath = "";
			projectRoot = "";
			targets = (
				817422E8EA0295631349836F /* ZhuJi */,
				655A5AB907E80616BEBB7255 /* ZhuJiTests */,
			);
		};
/* End PBXProject section */

/* Begin PBXResourcesBuildPhase section */
		5D440FD434535E2C88672984 /* Resources */ = {
			isa = PBXResourcesBuildPhase;
			buildActionMask = 2147483647;
			files = (
				B4F0CA392DE7347840F5CED3 /* Assets.xcassets in Resources */,
				F734D26165643ED3F6A8FD3E /* InfoPlist.strings in Resources */,
				6D196DAE32C696FC7DAB1E86 /* Localizable.strings in Resources */,
			);
			runOnlyForDeploymentPostprocessing = 0;
		};
/* End PBXResourcesBuildPhase section */

/* Begin PBXSourcesBuildPhase section */
		0DE6CD3EBE856CCF327EF60A /* Sources */ = {
			isa = PBXSourcesBuildPhase;
			buildActionMask = 2147483647;
			files = (
				946891924C05BAC4D10BB417 /* ZhuJiTests.swift in Sources */,
			);
			runOnlyForDeploymentPostprocessing = 0;
		};
		8A4D9391B9B99B96ABAED23B /* Sources */ = {
			isa = PBXSourcesBuildPhase;
			buildActionMask = 2147483647;
			files = (
				68771275651227D1ADCAE5C6 /* CameraPicker.swift in Sources */,
				FD4345946E0F163B4FB6EA11 /* CheckIn.swift in Sources */,
				B2F45AE7F372198C53544F8C /* CheckInEditorView.swift in Sources */,
				A7BDE34E96A19D7FE4BFE8DC /* DraggableLocationMap.swift in Sources */,
				73FB56C8601DB89C170E1621 /* ExportService.swift in Sources */,
				6ABB7EB949C360207202D4BC /* GeocodingService.swift in Sources */,
				F831F8725BD54B3F17C83723 /* GlobalPlaceSearchService.swift in Sources */,
				E9860696AF391081E89FA3EF /* LocationSearchView.swift in Sources */,
				E625B2CA7653E4AC1DEB5DEE /* LocationService.swift in Sources */,
				87D4F8C029C3D366105FC963 /* MapHomeView.swift in Sources */,
				088A3629B78B9A6C208658CA /* MemoriesView.swift in Sources */,
				B7EDCB6D2C53FE927282F105 /* PhotoGalleryView.swift in Sources */,
				A6E9E67BE45174ABA579537B /* PhotoStore.swift in Sources */,
				2C77165E8A78ED7F3D2B8E9C /* RootView.swift in Sources */,
				88F1001461724808E1E7DF37 /* SettingsView.swift in Sources */,
				EC36CC5C9158F4B595AA53A9 /* StatisticsView.swift in Sources */,
				BD439B1E7A23DC128D469394 /* TimelineView.swift in Sources */,
				477741FE37A9F2DC1D76E8BB /* TravelCalendarView.swift in Sources */,
				35C0E6027E1513D2B4A703DE /* WeatherService.swift in Sources */,
				FF1FA54A5142D0007C526D43 /* ZhuJiApp.swift in Sources */,
			);
			runOnlyForDeploymentPostprocessing = 0;
		};
/* End PBXSourcesBuildPhase section */

/* Begin PBXTargetDependency section */
		727AC15EFBF9B0633FBDA093 /* PBXTargetDependency */ = {
			isa = PBXTargetDependency;
			target = 817422E8EA0295631349836F /* ZhuJi */;
			targetProxy = F28907F7192F739631A6182E /* PBXContainerItemProxy */;
		};
/* End PBXTargetDependency section */

/* Begin PBXVariantGroup section */
		9D65A11E445C21838F4CF0E6 /* InfoPlist.strings */ = {
			isa = PBXVariantGroup;
			children = (
				C81CCDC8FCF8DAC267BE4460 /* en */,
				C59638AE600D6A1F901BA529 /* zh-Hans */,
			);
			name = InfoPlist.strings;
			sourceTree = "<group>";
		};
		ABDCDBC865402C7E20B21F37 /* Localizable.strings */ = {
			isa = PBXVariantGroup;
			children = (
				57DA97CB64D0777A41946631 /* en */,
				0A641B01F9AC6212631C33B2 /* zh-Hans */,
			);
			name = Localizable.strings;
			sourceTree = "<group>";
		};
/* End PBXVariantGroup section */

/* Begin XCBuildConfiguration section */
		45954B894226316F4577A133 /* Debug */ = {
			isa = XCBuildConfiguration;
			buildSettings = {
				BUNDLE_LOADER = "$(TEST_HOST)";
				LD_RUNPATH_SEARCH_PATHS = (
					"$(inherited)",
					"@executable_path/Frameworks",
					"@loader_path/Frameworks",
				);
				PRODUCT_BUNDLE_IDENTIFIER = com.xhshen.ZhuJiTests;
				SDKROOT = iphoneos;
				TARGETED_DEVICE_FAMILY = "1,2";
				TEST_HOST = "$(BUILT_PRODUCTS_DIR)/ZhuJi.app/ZhuJi";
			};
			name = Debug;
		};
		8713A273AB8F47D1E7EB18FB /* Release */ = {
			isa = XCBuildConfiguration;
			buildSettings = {
				BUNDLE_LOADER = "$(TEST_HOST)";
				LD_RUNPATH_SEARCH_PATHS = (
					"$(inherited)",
					"@executable_path/Frameworks",
					"@loader_path/Frameworks",
				);
				PRODUCT_BUNDLE_IDENTIFIER = com.xhshen.ZhuJiTests;
				SDKROOT = iphoneos;
				TARGETED_DEVICE_FAMILY = "1,2";
				TEST_HOST = "$(BUILT_PRODUCTS_DIR)/ZhuJi.app/ZhuJi";
			};
			name = Release;
		};
		8B77E08EB71EDFA415136CE6 /* Release */ = {
			isa = XCBuildConfiguration;
			buildSettings = {
				ASSETCATALOG_COMPILER_APPICON_NAME = AppIcon;
				CODE_SIGN_IDENTITY = "iPhone Developer";
				CODE_SIGN_STYLE = Automatic;
				DEVELOPMENT_TEAM = J59CRS326K;
				INFOPLIST_FILE = ZhuJi/Resources/Info.plist;
				LD_RUNPATH_SEARCH_PATHS = (
					"$(inherited)",
					"@executable_path/Frameworks",
				);
				PRODUCT_BUNDLE_IDENTIFIER = com.xhshen.traveldiary;
				PRODUCT_NAME = "驻迹";
				SDKROOT = iphoneos;
				TARGETED_DEVICE_FAMILY = "1,2";
			};
			name = Release;
		};
		EBD8012F88884492F0262C3D /* Debug */ = {
			isa = XCBuildConfiguration;
			buildSettings = {
				ALWAYS_SEARCH_USER_PATHS = NO;
				CLANG_ANALYZER_NONNULL = YES;
				CLANG_ANALYZER_NUMBER_OBJECT_CONVERSION = YES_AGGRESSIVE;
				CLANG_CXX_LANGUAGE_STANDARD = "gnu++14";
				CLANG_CXX_LIBRARY = "libc++";
				CLANG_ENABLE_MODULES = YES;
				CLANG_ENABLE_OBJC_ARC = YES;
				CLANG_ENABLE_OBJC_WEAK = YES;
				CLANG_WARN_BLOCK_CAPTURE_AUTORELEASING = YES;
				CLANG_WARN_BOOL_CONVERSION = YES;
				CLANG_WARN_COMMA = YES;
				CLANG_WARN_CONSTANT_CONVERSION = YES;
				CLANG_WARN_DEPRECATED_OBJC_IMPLEMENTATIONS = YES;
				CLANG_WARN_DIRECT_OBJC_ISA_USAGE = YES_ERROR;
				CLANG_WARN_DOCUMENTATION_COMMENTS = YES;
				CLANG_WARN_EMPTY_BODY = YES;
				CLANG_WARN_ENUM_CONVERSION = YES;
				CLANG_WARN_INFINITE_RECURSION = YES;
				CLANG_WARN_INT_CONVERSION = YES;
				CLANG_WARN_NON_LITERAL_NULL_CONVERSION = YES;
				CLANG_WARN_OBJC_IMPLICIT_RETAIN_SELF = YES;
				CLANG_WARN_OBJC_LITERAL_CONVERSION = YES;
				CLANG_WARN_OBJC_ROOT_CLASS = YES_ERROR;
				CLANG_WARN_QUOTED_INCLUDE_IN_FRAMEWORK_HEADER = YES;
				CLANG_WARN_RANGE_LOOP_ANALYSIS = YES;
				CLANG_WARN_STRICT_PROTOTYPES = YES;
				CLANG_WARN_SUSPICIOUS_MOVE = YES;
				CLANG_WARN_UNGUARDED_AVAILABILITY = YES_AGGRESSIVE;
				CLANG_WARN_UNREACHABLE_CODE = YES;
				CLANG_WARN__DUPLICATE_METHOD_MATCH = YES;
				COPY_PHASE_STRIP = NO;
				DEBUG_INFORMATION_FORMAT = dwarf;
				DEVELOPMENT_TEAM = "";
				ENABLE_STRICT_OBJC_MSGSEND = YES;
				ENABLE_TESTABILITY = YES;
				GCC_C_LANGUAGE_STANDARD = gnu11;
				GCC_DYNAMIC_NO_PIC = NO;
				GCC_NO_COMMON_BLOCKS = YES;
				GCC_OPTIMIZATION_LEVEL = 0;
				GCC_PREPROCESSOR_DEFINITIONS = (
					"$(inherited)",
					"DEBUG=1",
				);
				GCC_WARN_64_TO_32_BIT_CONVERSION = YES;
				GCC_WARN_ABOUT_RETURN_TYPE = YES_ERROR;
				GCC_WARN_UNDECLARED_SELECTOR = YES;
				GCC_WARN_UNINITIALIZED_AUTOS = YES_AGGRESSIVE;
				GCC_WARN_UNUSED_FUNCTION = YES;
				GCC_WARN_UNUSED_VARIABLE = YES;
				IPHONEOS_DEPLOYMENT_TARGET = 17.0;
				MTL_ENABLE_DEBUG_INFO = INCLUDE_SOURCE;
				MTL_FAST_MATH = YES;
				ONLY_ACTIVE_ARCH = YES;
				PRODUCT_NAME = "$(TARGET_NAME)";
				SDKROOT = iphoneos;
				SWIFT_ACTIVE_COMPILATION_CONDITIONS = DEBUG;
				SWIFT_OPTIMIZATION_LEVEL = "-Onone";
				SWIFT_VERSION = 6.0;
			};
			name = Debug;
		};
		F507945FE05A7234DA3B8D8D /* Debug */ = {
			isa = XCBuildConfiguration;
			buildSettings = {
				ASSETCATALOG_COMPILER_APPICON_NAME = AppIcon;
				CODE_SIGN_IDENTITY = "iPhone Developer";
				CODE_SIGN_STYLE = Automatic;
				DEVELOPMENT_TEAM = J59CRS326K;
				INFOPLIST_FILE = ZhuJi/Resources/Info.plist;
				LD_RUNPATH_SEARCH_PATHS = (
					"$(inherited)",
					"@executable_path/Frameworks",
				);
				PRODUCT_BUNDLE_IDENTIFIER = com.xhshen.traveldiary;
				PRODUCT_NAME = "驻迹";
				SDKROOT = iphoneos;
				TARGETED_DEVICE_FAMILY = "1,2";
			};
			name = Debug;
		};
		F7563A14CF11E608DAEF5061 /* Release */ = {
			isa = XCBuildConfiguration;
			buildSettings = {
				ALWAYS_SEARCH_USER_PATHS = NO;
				CLANG_ANALYZER_NONNULL = YES;
				CLANG_ANALYZER_NUMBER_OBJECT_CONVERSION = YES_AGGRESSIVE;
				CLANG_CXX_LANGUAGE_STANDARD = "gnu++14";
				CLANG_CXX_LIBRARY = "libc++";
				CLANG_ENABLE_MODULES = YES;
				CLANG_ENABLE_OBJC_ARC = YES;
				CLANG_ENABLE_OBJC_WEAK = YES;
				CLANG_WARN_BLOCK_CAPTURE_AUTORELEASING = YES;
				CLANG_WARN_BOOL_CONVERSION = YES;
				CLANG_WARN_COMMA = YES;
				CLANG_WARN_CONSTANT_CONVERSION = YES;
				CLANG_WARN_DEPRECATED_OBJC_IMPLEMENTATIONS = YES;
				CLANG_WARN_DIRECT_OBJC_ISA_USAGE = YES_ERROR;
				CLANG_WARN_DOCUMENTATION_COMMENTS = YES;
				CLANG_WARN_EMPTY_BODY = YES;
				CLANG_WARN_ENUM_CONVERSION = YES;
				CLANG_WARN_INFINITE_RECURSION = YES;
				CLANG_WARN_INT_CONVERSION = YES;
				CLANG_WARN_NON_LITERAL_NULL_CONVERSION = YES;
				CLANG_WARN_OBJC_IMPLICIT_RETAIN_SELF = YES;
				CLANG_WARN_OBJC_LITERAL_CONVERSION = YES;
				CLANG_WARN_OBJC_ROOT_CLASS = YES_ERROR;
				CLANG_WARN_QUOTED_INCLUDE_IN_FRAMEWORK_HEADER = YES;
				CLANG_WARN_RANGE_LOOP_ANALYSIS = YES;
				CLANG_WARN_STRICT_PROTOTYPES = YES;
				CLANG_WARN_SUSPICIOUS_MOVE = YES;
				CLANG_WARN_UNGUARDED_AVAILABILITY = YES_AGGRESSIVE;
				CLANG_WARN_UNREACHABLE_CODE = YES;
				CLANG_WARN__DUPLICATE_METHOD_MATCH = YES;
				COPY_PHASE_STRIP = NO;
				DEBUG_INFORMATION_FORMAT = "dwarf-with-dsym";
				DEVELOPMENT_TEAM = "";
				ENABLE_NS_ASSERTIONS = NO;
				ENABLE_STRICT_OBJC_MSGSEND = YES;
				GCC_C_LANGUAGE_STANDARD = gnu11;
				GCC_NO_COMMON_BLOCKS = YES;
				GCC_WARN_64_TO_32_BIT_CONVERSION = YES;
				GCC_WARN_ABOUT_RETURN_TYPE = YES_ERROR;
				GCC_WARN_UNDECLARED_SELECTOR = YES;
				GCC_WARN_UNINITIALIZED_AUTOS = YES_AGGRESSIVE;
				GCC_WARN_UNUSED_FUNCTION = YES;
				GCC_WARN_UNUSED_VARIABLE = YES;
				IPHONEOS_DEPLOYMENT_TARGET = 17.0;
				MTL_ENABLE_DEBUG_INFO = NO;
				MTL_FAST_MATH = YES;
				PRODUCT_NAME = "$(TARGET_NAME)";
				SDKROOT = iphoneos;
				SWIFT_COMPILATION_MODE = wholemodule;
				SWIFT_OPTIMIZATION_LEVEL = "-O";
				SWIFT_VERSION = 6.0;
			};
			name = Release;
		};
/* End XCBuildConfiguration section */

/* Begin XCConfigurationList section */
		45C50F0E86986A0B68D20110 /* Build configuration list for PBXNativeTarget "ZhuJi" */ = {
			isa = XCConfigurationList;
			buildConfigurations = (
				F507945FE05A7234DA3B8D8D /* Debug */,
				8B77E08EB71EDFA415136CE6 /* Release */,
			);
			defaultConfigurationIsVisible = 0;
			defaultConfigurationName = Debug;
		};
		4F3FE62AD616D41F0184B14A /* Build configuration list for PBXProject "ZhuJi" */ = {
			isa = XCConfigurationList;
			buildConfigurations = (
				EBD8012F88884492F0262C3D /* Debug */,
				F7563A14CF11E608DAEF5061 /* Release */,
			);
			defaultConfigurationIsVisible = 0;
			defaultConfigurationName = Debug;
		};
		F436C6187235491AFF5D994F /* Build configuration list for PBXNativeTarget "ZhuJiTests" */ = {
			isa = XCConfigurationList;
			buildConfigurations = (
				45954B894226316F4577A133 /* Debug */,
				8713A273AB8F47D1E7EB18FB /* Release */,
			);
			defaultConfigurationIsVisible = 0;
			defaultConfigurationName = Debug;
		};
/* End XCConfigurationList section */
	};
	rootObject = D5CC9FF8FA2C886346EE38C1 /* Project object */;
}
